
Microsoft Visual Studio Solution File, Format Version 12.00
# Visual Studio Version 17
VisualStudioVersion = 17.6.33815.320
MinimumVisualStudioVersion = 10.0.40219.1
Project("{FAE04EC0-301F-11D3-BF4B-00C04F79EFBC}") = "OopsP2", "OopsP2.csproj", "{A548E2C1-3E69-4EDE-AE1B-0781B9217BFC}"
EndProject
Global
	GlobalSection(SolutionConfigurationPlatforms) = preSolution
		Debug|Any CPU = Debug|Any CPU
		Release|Any CPU = Release|Any CPU
	EndGlobalSection
	GlobalSection(ProjectConfigurationPlatforms) = postSolution
		{A548E2C1-3E69-4EDE-AE1B-0781B9217BFC}.Debug|Any CPU.ActiveCfg = Debug|Any CPU
		{A548E2C1-3E69-4EDE-AE1B-0781B9217BFC}.Debug|Any CPU.Build.0 = Debug|Any CPU
		{A548E2C1-3E69-4EDE-AE1B-0781B9217BFC}.Release|Any CPU.ActiveCfg = Release|Any CPU
		{A548E2C1-3E69-4EDE-AE1B-0781B9217BFC}.Release|Any CPU.Build.0 = Release|Any CPU
	EndGlobalSection
	GlobalSection(SolutionProperties) = preSolution
		HideSolutionNode = FALSE
	EndGlobalSection
	GlobalSection(ExtensibilityGlobals) = postSolution
		SolutionGuid = {C8BBCF09-13DA-43F3-AB81-69D824C8F43C}
	EndGlobalSection
EndGlobal
