
Microsoft Visual Studio Solution File, Format Version 12.00
# Visual Studio Version 17
VisualStudioVersion = 17.6.33815.320
MinimumVisualStudioVersion = 10.0.40219.1
Project("{FAE04EC0-301F-11D3-BF4B-00C04F79EFBC}") = "OperatorsP1", "OperatorsP1.csproj", "{913E675F-C6EF-44B8-84C1-1059ED20A699}"
EndProject
Global
	GlobalSection(SolutionConfigurationPlatforms) = preSolution
		Debug|Any CPU = Debug|Any CPU
		Release|Any CPU = Release|Any CPU
	EndGlobalSection
	GlobalSection(ProjectConfigurationPlatforms) = postSolution
		{913E675F-C6EF-44B8-84C1-1059ED20A699}.Debug|Any CPU.ActiveCfg = Debug|Any CPU
		{913E675F-C6EF-44B8-84C1-1059ED20A699}.Debug|Any CPU.Build.0 = Debug|Any CPU
		{913E675F-C6EF-44B8-84C1-1059ED20A699}.Release|Any CPU.ActiveCfg = Release|Any CPU
		{913E675F-C6EF-44B8-84C1-1059ED20A699}.Release|Any CPU.Build.0 = Release|Any CPU
	EndGlobalSection
	GlobalSection(SolutionProperties) = preSolution
		HideSolutionNode = FALSE
	EndGlobalSection
	GlobalSection(ExtensibilityGlobals) = postSolution
		SolutionGuid = {83822DC1-3E43-469A-AF95-A5F4A764496C}
	EndGlobalSection
EndGlobal
