
Microsoft Visual Studio Solution File, Format Version 12.00
# Visual Studio Version 17
VisualStudioVersion = 17.6.33815.320
MinimumVisualStudioVersion = 10.0.40219.1
Project("{FAE04EC0-301F-11D3-BF4B-00C04F79EFBC}") = "FunctionP1", "FunctionP1.csproj", "{A6B110A3-1E86-44B6-85D3-F463155F775C}"
EndProject
Global
	GlobalSection(SolutionConfigurationPlatforms) = preSolution
		Debug|Any CPU = Debug|Any CPU
		Release|Any CPU = Release|Any CPU
	EndGlobalSection
	GlobalSection(ProjectConfigurationPlatforms) = postSolution
		{A6B110A3-1E86-44B6-85D3-F463155F775C}.Debug|Any CPU.ActiveCfg = Debug|Any CPU
		{A6B110A3-1E86-44B6-85D3-F463155F775C}.Debug|Any CPU.Build.0 = Debug|Any CPU
		{A6B110A3-1E86-44B6-85D3-F463155F775C}.Release|Any CPU.ActiveCfg = Release|Any CPU
		{A6B110A3-1E86-44B6-85D3-F463155F775C}.Release|Any CPU.Build.0 = Release|Any CPU
	EndGlobalSection
	GlobalSection(SolutionProperties) = preSolution
		HideSolutionNode = FALSE
	EndGlobalSection
	GlobalSection(ExtensibilityGlobals) = postSolution
		SolutionGuid = {2BAE56DA-3465-4D19-8664-4667B7E07AF9}
	EndGlobalSection
EndGlobal
