
Microsoft Visual Studio Solution File, Format Version 12.00
# Visual Studio Version 17
VisualStudioVersion = 17.6.33815.320
MinimumVisualStudioVersion = 10.0.40219.1
Project("{FAE04EC0-301F-11D3-BF4B-00C04F79EFBC}") = "JaggedArrayP1", "JaggedArrayP1.csproj", "{7046585B-76BB-47F3-B091-758C34DB4FD0}"
EndProject
Global
	GlobalSection(SolutionConfigurationPlatforms) = preSolution
		Debug|Any CPU = Debug|Any CPU
		Release|Any CPU = Release|Any CPU
	EndGlobalSection
	GlobalSection(ProjectConfigurationPlatforms) = postSolution
		{7046585B-76BB-47F3-B091-758C34DB4FD0}.Debug|Any CPU.ActiveCfg = Debug|Any CPU
		{7046585B-76BB-47F3-B091-758C34DB4FD0}.Debug|Any CPU.Build.0 = Debug|Any CPU
		{7046585B-76BB-47F3-B091-758C34DB4FD0}.Release|Any CPU.ActiveCfg = Release|Any CPU
		{7046585B-76BB-47F3-B091-758C34DB4FD0}.Release|Any CPU.Build.0 = Release|Any CPU
	EndGlobalSection
	GlobalSection(SolutionProperties) = preSolution
		HideSolutionNode = FALSE
	EndGlobalSection
	GlobalSection(ExtensibilityGlobals) = postSolution
		SolutionGuid = {22CD2886-775D-4C39-951F-EBA29747D08D}
	EndGlobalSection
EndGlobal
