
Microsoft Visual Studio Solution File, Format Version 12.00
# Visual Studio Version 17
VisualStudioVersion = 17.6.33815.320
MinimumVisualStudioVersion = 10.0.40219.1
Project("{FAE04EC0-301F-11D3-BF4B-00C04F79EFBC}") = "FileOperations", "FileOperations.csproj", "{2B8F8CC9-C788-4A7A-AD71-EACBC0B19544}"
EndProject
Global
	GlobalSection(SolutionConfigurationPlatforms) = preSolution
		Debug|Any CPU = Debug|Any CPU
		Release|Any CPU = Release|Any CPU
	EndGlobalSection
	GlobalSection(ProjectConfigurationPlatforms) = postSolution
		{2B8F8CC9-C788-4A7A-AD71-EACBC0B19544}.Debug|Any CPU.ActiveCfg = Debug|Any CPU
		{2B8F8CC9-C788-4A7A-AD71-EACBC0B19544}.Debug|Any CPU.Build.0 = Debug|Any CPU
		{2B8F8CC9-C788-4A7A-AD71-EACBC0B19544}.Release|Any CPU.ActiveCfg = Release|Any CPU
		{2B8F8CC9-C788-4A7A-AD71-EACBC0B19544}.Release|Any CPU.Build.0 = Release|Any CPU
	EndGlobalSection
	GlobalSection(SolutionProperties) = preSolution
		HideSolutionNode = FALSE
	EndGlobalSection
	GlobalSection(ExtensibilityGlobals) = postSolution
		SolutionGuid = {7EAD9E76-5E49-4F9C-A8D4-08EF2492002C}
	EndGlobalSection
EndGlobal
