
Microsoft Visual Studio Solution File, Format Version 12.00
# Visual Studio Version 17
VisualStudioVersion = 17.6.33815.320
MinimumVisualStudioVersion = 10.0.40219.1
Project("{FAE04EC0-301F-11D3-BF4B-00C04F79EFBC}") = "ExampleP4", "ExampleP4.csproj", "{8D95DEA1-D1FD-4959-A9A8-1EA8B6355D3E}"
EndProject
Global
	GlobalSection(SolutionConfigurationPlatforms) = preSolution
		Debug|Any CPU = Debug|Any CPU
		Release|Any CPU = Release|Any CPU
	EndGlobalSection
	GlobalSection(ProjectConfigurationPlatforms) = postSolution
		{8D95DEA1-D1FD-4959-A9A8-1EA8B6355D3E}.Debug|Any CPU.ActiveCfg = Debug|Any CPU
		{8D95DEA1-D1FD-4959-A9A8-1EA8B6355D3E}.Debug|Any CPU.Build.0 = Debug|Any CPU
		{8D95DEA1-D1FD-4959-A9A8-1EA8B6355D3E}.Release|Any CPU.ActiveCfg = Release|Any CPU
		{8D95DEA1-D1FD-4959-A9A8-1EA8B6355D3E}.Release|Any CPU.Build.0 = Release|Any CPU
	EndGlobalSection
	GlobalSection(SolutionProperties) = preSolution
		HideSolutionNode = FALSE
	EndGlobalSection
	GlobalSection(ExtensibilityGlobals) = postSolution
		SolutionGuid = {21864C13-21DA-480F-A599-E6EB454781F9}
	EndGlobalSection
EndGlobal
