
Microsoft Visual Studio Solution File, Format Version 12.00
# Visual Studio Version 17
VisualStudioVersion = 17.6.33815.320
MinimumVisualStudioVersion = 10.0.40219.1
Project("{FAE04EC0-301F-11D3-BF4B-00C04F79EFBC}") = "ConstructorP1", "ConstructorP1.csproj", "{AA8003D3-BC08-4ED2-8824-BB8C9B0D0EC0}"
EndProject
Global
	GlobalSection(SolutionConfigurationPlatforms) = preSolution
		Debug|Any CPU = Debug|Any CPU
		Release|Any CPU = Release|Any CPU
	EndGlobalSection
	GlobalSection(ProjectConfigurationPlatforms) = postSolution
		{AA8003D3-BC08-4ED2-8824-BB8C9B0D0EC0}.Debug|Any CPU.ActiveCfg = Debug|Any CPU
		{AA8003D3-BC08-4ED2-8824-BB8C9B0D0EC0}.Debug|Any CPU.Build.0 = Debug|Any CPU
		{AA8003D3-BC08-4ED2-8824-BB8C9B0D0EC0}.Release|Any CPU.ActiveCfg = Release|Any CPU
		{AA8003D3-BC08-4ED2-8824-BB8C9B0D0EC0}.Release|Any CPU.Build.0 = Release|Any CPU
	EndGlobalSection
	GlobalSection(SolutionProperties) = preSolution
		HideSolutionNode = FALSE
	EndGlobalSection
	GlobalSection(ExtensibilityGlobals) = postSolution
		SolutionGuid = {3C048AC4-CE52-4D57-8BAD-934560684DF1}
	EndGlobalSection
EndGlobal
