
Microsoft Visual Studio Solution File, Format Version 12.00
# Visual Studio Version 17
VisualStudioVersion = 17.6.33815.320
MinimumVisualStudioVersion = 10.0.40219.1
Project("{FAE04EC0-301F-11D3-BF4B-00C04F79EFBC}") = "TextWriterP1", "TextWriterP1.csproj", "{0397C005-5850-4E79-ADCB-10C22157759B}"
EndProject
Global
	GlobalSection(SolutionConfigurationPlatforms) = preSolution
		Debug|Any CPU = Debug|Any CPU
		Release|Any CPU = Release|Any CPU
	EndGlobalSection
	GlobalSection(ProjectConfigurationPlatforms) = postSolution
		{0397C005-5850-4E79-ADCB-10C22157759B}.Debug|Any CPU.ActiveCfg = Debug|Any CPU
		{0397C005-5850-4E79-ADCB-10C22157759B}.Debug|Any CPU.Build.0 = Debug|Any CPU
		{0397C005-5850-4E79-ADCB-10C22157759B}.Release|Any CPU.ActiveCfg = Release|Any CPU
		{0397C005-5850-4E79-ADCB-10C22157759B}.Release|Any CPU.Build.0 = Release|Any CPU
	EndGlobalSection
	GlobalSection(SolutionProperties) = preSolution
		HideSolutionNode = FALSE
	EndGlobalSection
	GlobalSection(ExtensibilityGlobals) = postSolution
		SolutionGuid = {409919D6-B75F-4E5C-80F1-4AEE7D8A8A0F}
	EndGlobalSection
EndGlobal
